
Microsoft Visual Studio Solution File, Format Version 12.00
# Visual Studio Version 17
VisualStudioVersion = 17.12.35527.113
MinimumVisualStudioVersion = 10.0.40219.1
Project("{FAE04EC0-301F-11D3-BF4B-00C04F79EFBC}") = "AddPanel", "AddPanel.csproj", "{94BC0AEA-34F9-4331-93FD-EF7CDE2C93FF}"
EndProject
Global
	GlobalSection(SolutionConfigurationPlatforms) = preSolution
		Debug|Any CPU = Debug|Any CPU
		Debug|x64 = Debug|x64
		Release|Any CPU = Release|Any CPU
		Release|x64 = Release|x64
	EndGlobalSection
	GlobalSection(ProjectConfigurationPlatforms) = postSolution
		{94BC0AEA-34F9-4331-93FD-EF7CDE2C93FF}.Debug|Any CPU.ActiveCfg = Debug|Any CPU
		{94BC0AEA-34F9-4331-93FD-EF7CDE2C93FF}.Debug|Any CPU.Build.0 = Debug|Any CPU
		{94BC0AEA-34F9-4331-93FD-EF7CDE2C93FF}.Debug|x64.ActiveCfg = Debug|x64
		{94BC0AEA-34F9-4331-93FD-EF7CDE2C93FF}.Debug|x64.Build.0 = Debug|x64
		{94BC0AEA-34F9-4331-93FD-EF7CDE2C93FF}.Release|Any CPU.ActiveCfg = Release|Any CPU
		{94BC0AEA-34F9-4331-93FD-EF7CDE2C93FF}.Release|Any CPU.Build.0 = Release|Any CPU
		{94BC0AEA-34F9-4331-93FD-EF7CDE2C93FF}.Release|x64.ActiveCfg = Release|x64
		{94BC0AEA-34F9-4331-93FD-EF7CDE2C93FF}.Release|x64.Build.0 = Release|x64
	EndGlobalSection
	GlobalSection(SolutionProperties) = preSolution
		HideSolutionNode = FALSE
	EndGlobalSection
EndGlobal
